# This file is automatically @generated by Cargo.
# It is not intended for manual editing.
version = 4

[[package]]
name = "krax-batcher"
version = "0.1.0"

[[package]]
name = "krax-config"
version = "0.1.0"

[[package]]
name = "krax-execution"
version = "0.1.0"

[[package]]
name = "krax-mempool"
version = "0.1.0"

[[package]]
name = "krax-metrics"
version = "0.1.0"

[[package]]
name = "krax-prover"
version = "0.1.0"

[[package]]
name = "krax-rpc"
version = "0.1.0"

[[package]]
name = "krax-rwset"
version = "0.1.0"

[[package]]
name = "krax-sequencer"
version = "0.1.0"

[[package]]
name = "krax-state"
version = "0.1.0"

[[package]]
name = "krax-types"
version = "0.1.0"

[[package]]
name = "kraxctl"
version = "0.1.0"

[[package]]
name = "kraxd"
version = "0.1.0"

[[package]]
name = "kraxprover"
version = "0.1.0"
